PODS:
  - Masonry (1.1.0)
  - MBProgressHUD (1.2.0)
  - MMLanScan (3.0.0)
  - RMStore (0.7.1):
    - RMStore/Core (= 0.7.1)
  - RMStore/Core (0.7.1)

DEPENDENCIES:
  - Masonry
  - MBProgressHUD
  - MMLanScan
  - RMStore

SPEC REPOS:
  https://mirrors.tuna.tsinghua.edu.cn/git/CocoaPods/Specs.git:
    - Masonry
    - MBProgressHUD
    - MMLanScan
    - RMStore

SPEC CHECKSUMS:
  Masonry: 678fab65091a9290e40e2832a55e7ab731aad201
  MBProgressHUD: 3ee5efcc380f6a79a7cc9b363dd669c5e1ae7406
  MMLanScan: 86a0f77edbf163be30c1f58321469c7c8ce4c50e
  RMStore: 64ba13a9c040e3b7572765d169f77175cd3243e5

PODFILE CHECKSUM: d7dd72355ed70f4de9587688f6ab80180f3483f1

COCOAPODS: 1.9.1
